
Microsoft Visual Studio Solution File, Format Version 12.00
# Visual Studio Version 17
VisualStudioVersion = 17.10.35122.118
MinimumVisualStudioVersion = 10.0.40219.1
Project("{FAE04EC0-301F-11D3-BF4B-00C04F79EFBC}") = "01_ConnectedMode", "01_ConnectedMode\01_ConnectedMode.csproj", "{CA609DFC-EAF9-480D-805A-0A1F8FE9FDC8}"
EndProject
Global
	GlobalSection(SolutionConfigurationPlatforms) = preSolution
		Debug|Any CPU = Debug|Any CPU
		Release|Any CPU = Release|Any CPU
	EndGlobalSection
	GlobalSection(ProjectConfigurationPlatforms) = postSolution
		{CA609DFC-EAF9-480D-805A-0A1F8FE9FDC8}.Debug|Any CPU.ActiveCfg = Debug|Any CPU
		{CA609DFC-EAF9-480D-805A-0A1F8FE9FDC8}.Debug|Any CPU.Build.0 = Debug|Any CPU
		{CA609DFC-EAF9-480D-805A-0A1F8FE9FDC8}.Release|Any CPU.ActiveCfg = Release|Any CPU
		{CA609DFC-EAF9-480D-805A-0A1F8FE9FDC8}.Release|Any CPU.Build.0 = Release|Any CPU
	EndGlobalSection
	GlobalSection(SolutionProperties) = preSolution
		HideSolutionNode = FALSE
	EndGlobalSection
	GlobalSection(ExtensibilityGlobals) = postSolution
		SolutionGuid = {018A9AE1-42E1-456D-8ACC-2B01B1BB4CC8}
	EndGlobalSection
EndGlobal
